{
  "originHash" : "2541b991c35e03dad16ac3caaf6358b0c69934ec6febb36106acebb2a1686750",
  "pins" : [
    {
      "identity" : "glob",
      "kind" : "remoteSourceControl",
      "location" : "https://github.com/Bouke/Glob.git",
      "state" : {
        "revision" : "deda6e163d2ff2a8d7e138e2c3326dbd71157faf",
        "version" : "1.0.5"
      }
    },
    {
      "identity" : "ops-objc",
      "kind" : "remoteSourceControl",
      "location" : "https://github.com/jowharshamshiri/ops-objc.git",
      "state" : {
        "revision" : "0662041e6b9a36cbaba73bc5526626df0e2926ee",
        "version" : "1.19.17"
      }
    },
    {
      "identity" : "swiftcbor",
      "kind" : "remoteSourceControl",
      "location" : "https://github.com/unrelentingtech/SwiftCBOR.git",
      "state" : {
        "revision" : "fd929a6d8f7651ce0f63fc99397fd5762358cc29",
        "version" : "0.6.0"
      }
    },
    {
      "identity" : "tagged-urn-objc",
      "kind" : "remoteSourceControl",
      "location" : "https://github.com/machinefabric/tagged-urn-objc.git",
      "state" : {
        "revision" : "6aa5d3d133c6eb7118a53f1b5cb79624ed53cabc",
        "version" : "1.34.211"
      }
    }
  ],
  "version" : 3
}
