{
  "originHash" : "7f1933f4885a2d0426671145cfc71467c971f5f46653f0decbd8bf5a86f02ba3",
  "pins" : [
    {
      "identity" : "glob",
      "kind" : "remoteSourceControl",
      "location" : "https://github.com/Bouke/Glob.git",
      "state" : {
        "revision" : "deda6e163d2ff2a8d7e138e2c3326dbd71157faf",
        "version" : "1.0.5"
      }
    },
    {
      "identity" : "lungo-swift",
      "kind" : "remoteSourceControl",
      "location" : "https://github.com/machinefabric/lungo-swift.git",
      "state" : {
        "revision" : "a4554d5a0c3720fb6ca0539544c22ebde710542e",
        "version" : "1.88.0"
      }
    },
    {
      "identity" : "ops-objc",
      "kind" : "remoteSourceControl",
      "location" : "https://github.com/jowharshamshiri/ops-objc.git",
      "state" : {
        "revision" : "628753f70f041efd9f2a87f247c96925e5eb6a23",
        "version" : "1.19.17"
      }
    },
    {
      "identity" : "swiftcbor",
      "kind" : "remoteSourceControl",
      "location" : "https://github.com/unrelentingtech/SwiftCBOR.git",
      "state" : {
        "revision" : "fd929a6d8f7651ce0f63fc99397fd5762358cc29",
        "version" : "0.6.0"
      }
    },
    {
      "identity" : "tagged-urn-objc",
      "kind" : "remoteSourceControl",
      "location" : "https://github.com/machinefabric/tagged-urn-objc.git",
      "state" : {
        "revision" : "5752165cca96059ad23590088f85836cc7f5abfa",
        "version" : "1.109.4"
      }
    }
  ],
  "version" : 3
}
