{
  "originHash" : "ec282ec8336c093a6564b555c0ea3db086dadc50cd8d08519763d21b1ec792ef",
  "pins" : [
    {
      "identity" : "glob",
      "kind" : "remoteSourceControl",
      "location" : "https://github.com/Bouke/Glob.git",
      "state" : {
        "revision" : "deda6e163d2ff2a8d7e138e2c3326dbd71157faf",
        "version" : "1.0.5"
      }
    },
    {
      "identity" : "ops-objc",
      "kind" : "remoteSourceControl",
      "location" : "https://github.com/jowharshamshiri/ops-objc.git",
      "state" : {
        "revision" : "0662041e6b9a36cbaba73bc5526626df0e2926ee",
        "version" : "1.18.132"
      }
    },
    {
      "identity" : "swiftcbor",
      "kind" : "remoteSourceControl",
      "location" : "https://github.com/unrelentingtech/SwiftCBOR.git",
      "state" : {
        "revision" : "fd929a6d8f7651ce0f63fc99397fd5762358cc29",
        "version" : "0.6.0"
      }
    }
  ],
  "version" : 3
}
